
Microsoft Visual Studio Solution File, Format Version 12.00
# Visual Studio 15
VisualStudioVersion = 15.0.26228.9
MinimumVisualStudioVersion = 10.0.40219.1
Project("{FAE04EC0-301F-11D3-BF4B-00C04F79EFBC}") = "SqlModeller", "SqlModeller\SqlModeller.csproj", "{212C734D-A765-4836-9B69-D4A1E0615E39}"
EndProject
Project("{FAE04EC0-301F-11D3-BF4B-00C04F79EFBC}") = "SqlModellerTests", "SqlModellerTests\SqlModellerTests.csproj", "{1F944440-5D50-4091-BD6C-5287E30B8683}"
EndProject
Global
	GlobalSection(SolutionConfigurationPlatforms) = preSolution
		Debug|Any CPU = Debug|Any CPU
		Release|Any CPU = Release|Any CPU
	EndGlobalSection
	GlobalSection(ProjectConfigurationPlatforms) = postSolution
		{212C734D-A765-4836-9B69-D4A1E0615E39}.Debug|Any CPU.ActiveCfg = Debug|Any CPU
		{212C734D-A765-4836-9B69-D4A1E0615E39}.Debug|Any CPU.Build.0 = Debug|Any CPU
		{212C734D-A765-4836-9B69-D4A1E0615E39}.Release|Any CPU.ActiveCfg = Release|Any CPU
		{212C734D-A765-4836-9B69-D4A1E0615E39}.Release|Any CPU.Build.0 = Release|Any CPU
		{1F944440-5D50-4091-BD6C-5287E30B8683}.Debug|Any CPU.ActiveCfg = Debug|Any CPU
		{1F944440-5D50-4091-BD6C-5287E30B8683}.Debug|Any CPU.Build.0 = Debug|Any CPU
		{1F944440-5D50-4091-BD6C-5287E30B8683}.Release|Any CPU.ActiveCfg = Release|Any CPU
		{1F944440-5D50-4091-BD6C-5287E30B8683}.Release|Any CPU.Build.0 = Release|Any CPU
	EndGlobalSection
	GlobalSection(SolutionProperties) = preSolution
		HideSolutionNode = FALSE
	EndGlobalSection
EndGlobal
